
Microsoft Visual Studio Solution File, Format Version 12.00
# Visual Studio Version 16
VisualStudioVersion = 16.0.30621.155
MinimumVisualStudioVersion = 10.0.40219.1
Project("{F184B08F-C81C-45F6-A57F-5ABD9991F28F}") = "MttoBD2", "MttoBD2.vbproj", "{E4E89B76-3CFB-4847-AA69-DF6766C27F3A}"
EndProject
Global
	GlobalSection(SolutionConfigurationPlatforms) = preSolution
		Debug|Any CPU = Debug|Any CPU
		Release|Any CPU = Release|Any CPU
	EndGlobalSection
	GlobalSection(ProjectConfigurationPlatforms) = postSolution
		{E4E89B76-3CFB-4847-AA69-DF6766C27F3A}.Debug|Any CPU.ActiveCfg = Debug|Any CPU
		{E4E89B76-3CFB-4847-AA69-DF6766C27F3A}.Debug|Any CPU.Build.0 = Debug|Any CPU
		{E4E89B76-3CFB-4847-AA69-DF6766C27F3A}.Release|Any CPU.ActiveCfg = Release|Any CPU
		{E4E89B76-3CFB-4847-AA69-DF6766C27F3A}.Release|Any CPU.Build.0 = Release|Any CPU
	EndGlobalSection
	GlobalSection(SolutionProperties) = preSolution
		HideSolutionNode = FALSE
	EndGlobalSection
	GlobalSection(ExtensibilityGlobals) = postSolution
		SolutionGuid = {26D06407-EC20-4737-8984-6B8494E943DE}
	EndGlobalSection
EndGlobal
